{
  "name": "@topogram/generator-vanilla-web",
  "version": "0.1.4",
  "lockfileVersion": 3,
  "requires": true,
  "packages": {
    "": {
      "name": "@topogram/generator-vanilla-web",
      "version": "0.1.4",
      "license": "Apache-2.0",
      "devDependencies": {
        "@topogram/cli": "^0.3.101"
      }
    },
    "node_modules/@topogram/cli": {
      "version": "0.3.101",
      "resolved": "https://registry.npmjs.org/@topogram/cli/-/cli-0.3.101.tgz",
      "integrity": "sha512-vXwVkPAjMPNXnnpFC2h+1xa3K606ME49QJ98BjhnpakfA+ckdJMdSF/ZbZObWMb+fLYd510JhWbjd40NDrvZ3A==",
      "dev": true,
      "license": "Apache-2.0",
      "bin": {
        "topogram": "src/cli.js"
      },
      "engines": {
        "node": ">=20"
      }
    }
  }
}
